
Microsoft Visual Studio Solution File, Format Version 12.00
# Visual Studio Version 16
VisualStudioVersion = 16.0.29609.76
MinimumVisualStudioVersion = 10.0.40219.1
Project("{FAE04EC0-301F-11D3-BF4B-00C04F79EFBC}") = "learn", "learn\learn.csproj", "{DECB4DF5-EF39-4B9F-9D33-61D562C023DC}"
EndProject
Global
	GlobalSection(SolutionConfigurationPlatforms) = preSolution
		Debug|Any CPU = Debug|Any CPU
		Release|Any CPU = Release|Any CPU
	EndGlobalSection
	GlobalSection(ProjectConfigurationPlatforms) = postSolution
		{DECB4DF5-EF39-4B9F-9D33-61D562C023DC}.Debug|Any CPU.ActiveCfg = Debug|Any CPU
		{DECB4DF5-EF39-4B9F-9D33-61D562C023DC}.Debug|Any CPU.Build.0 = Debug|Any CPU
		{DECB4DF5-EF39-4B9F-9D33-61D562C023DC}.Release|Any CPU.ActiveCfg = Release|Any CPU
		{DECB4DF5-EF39-4B9F-9D33-61D562C023DC}.Release|Any CPU.Build.0 = Release|Any CPU
	EndGlobalSection
	GlobalSection(SolutionProperties) = preSolution
		HideSolutionNode = FALSE
	EndGlobalSection
	GlobalSection(ExtensibilityGlobals) = postSolution
		SolutionGuid = {3C4C121C-FC56-42FB-B8A6-694A07B1FB80}
	EndGlobalSection
EndGlobal
